// !$*UTF8*$!
{
	archiveVersion = 1;
	classes = {
	};
	objectVersion = 46;
	objects = {

/* Begin PBXBuildFile section */
		F72B47E220AC16B600F31A8E /* TableSomethingTableViewController.m in Sources */ = {isa = PBXBuildFile; fileRef = F72B47E020AC16B600F31A8E /* TableSomethingTableViewController.m */; };
		F72B47E320AC16B600F31A8E /* TableSomethingTableViewController.xib in Resources */ = {isa = PBXBuildFile; fileRef = F72B47E120AC16B600F31A8E /* TableSomethingTableViewController.xib */; };
		F76D14661AE9C95D00CBD7DA /* Images.xcassets in Resources */ = {isa = PBXBuildFile; fileRef = F76D14651AE9C95D00CBD7DA /* Images.xcassets */; };
		F76D14811AE9C9C600CBD7DA /* main.mm in Sources */ = {isa = PBXBuildFile; fileRef = F76D147F1AE9C9C600CBD7DA /* main.mm */; };
		F76D14831AE9CC3100CBD7DA /* RootViewControllerSpec.mm in Sources */ = {isa = PBXBuildFile; fileRef = F76D14821AE9CC3100CBD7DA /* RootViewControllerSpec.mm */; };
		F76D14861AE9CD6B00CBD7DA /* RootViewController.m in Sources */ = {isa = PBXBuildFile; fileRef = F7B293C11AE9C1B7007C0A34 /* RootViewController.m */; };
		F76D14871AE9CDBD00CBD7DA /* RootViewController.xib in Resources */ = {isa = PBXBuildFile; fileRef = F7B293DF1AE9C2CB007C0A34 /* RootViewController.xib */; };
		F76D148B1AE9D31200CBD7DA /* Script.m in Sources */ = {isa = PBXBuildFile; fileRef = F76D148A1AE9D31200CBD7DA /* Script.m */; };
		F76D148C1AE9D31200CBD7DA /* Script.m in Sources */ = {isa = PBXBuildFile; fileRef = F76D148A1AE9D31200CBD7DA /* Script.m */; };
		F76D148E1AE9D32800CBD7DA /* ScriptSpec.mm in Sources */ = {isa = PBXBuildFile; fileRef = F76D148D1AE9D32800CBD7DA /* ScriptSpec.mm */; };
		F7B293BC1AE9C1B7007C0A34 /* main.m in Sources */ = {isa = PBXBuildFile; fileRef = F7B293BB1AE9C1B7007C0A34 /* main.m */; };
		F7B293BF1AE9C1B7007C0A34 /* AppDelegate.m in Sources */ = {isa = PBXBuildFile; fileRef = F7B293BE1AE9C1B7007C0A34 /* AppDelegate.m */; };
		F7B293C21AE9C1B7007C0A34 /* RootViewController.m in Sources */ = {isa = PBXBuildFile; fileRef = F7B293C11AE9C1B7007C0A34 /* RootViewController.m */; };
		F7B293C71AE9C1B7007C0A34 /* Images.xcassets in Resources */ = {isa = PBXBuildFile; fileRef = F7B293C61AE9C1B7007C0A34 /* Images.xcassets */; };
		F7B293CA1AE9C1B7007C0A34 /* LaunchScreen.xib in Resources */ = {isa = PBXBuildFile; fileRef = F7B293C81AE9C1B7007C0A34 /* LaunchScreen.xib */; };
		F7B293E01AE9C2CB007C0A34 /* RootViewController.xib in Resources */ = {isa = PBXBuildFile; fileRef = F7B293DF1AE9C2CB007C0A34 /* RootViewController.xib */; };
		F7D9343B20C1C7630051BAF8 /* TableSomethingTableViewController.m in Sources */ = {isa = PBXBuildFile; fileRef = F72B47E020AC16B600F31A8E /* TableSomethingTableViewController.m */; };
		F7D9343C20C1C76A0051BAF8 /* TableSomethingTableViewController.xib in Resources */ = {isa = PBXBuildFile; fileRef = F72B47E120AC16B600F31A8E /* TableSomethingTableViewController.xib */; };
		F7D9344420C1C8280051BAF8 /* MinesOfMiosTests.m in Sources */ = {isa = PBXBuildFile; fileRef = F7D9344320C1C8280051BAF8 /* MinesOfMiosTests.m */; };
		F7D9344D20C1C9440051BAF8 /* RootViewControllerSpec.mm in Sources */ = {isa = PBXBuildFile; fileRef = F76D14821AE9CC3100CBD7DA /* RootViewControllerSpec.mm */; };
		F7D9344E20C1C9440051BAF8 /* ScriptSpec.mm in Sources */ = {isa = PBXBuildFile; fileRef = F76D148D1AE9D32800CBD7DA /* ScriptSpec.mm */; };
		F7E4DFAE20D9BDAD00D5F69A /* Cedar.framework in Frameworks */ = {isa = PBXBuildFile; fileRef = F7E4DFAC20D9BD8900D5F69A /* Cedar.framework */; };
		F7E4DFAF20D9BDAF00D5F69A /* Cedar.framework in CopyFiles */ = {isa = PBXBuildFile; fileRef = F7E4DFAC20D9BD8900D5F69A /* Cedar.framework */; settings = {ATTRIBUTES = (CodeSignOnCopy, RemoveHeadersOnCopy, ); }; };
		F7E4DFB020D9BDB700D5F69A /* Cedar.framework in Frameworks */ = {isa = PBXBuildFile; fileRef = F7E4DFAC20D9BD8900D5F69A /* Cedar.framework */; };
		F7E4DFB120D9BDBA00D5F69A /* Cedar.framework in Copy Frameworks */ = {isa = PBXBuildFile; fileRef = F7E4DFAC20D9BD8900D5F69A /* Cedar.framework */; settings = {ATTRIBUTES = (CodeSignOnCopy, RemoveHeadersOnCopy, ); }; };
		F7E4DFB420D9BDE000D5F69A /* UIKit_PivotalSpecHelper.framework in Frameworks */ = {isa = PBXBuildFile; fileRef = F7E4DFB220D9BDCC00D5F69A /* UIKit_PivotalSpecHelper.framework */; };
		F7E4DFB520D9BDE200D5F69A /* UIKit_PivotalSpecHelper.framework in CopyFiles */ = {isa = PBXBuildFile; fileRef = F7E4DFB220D9BDCC00D5F69A /* UIKit_PivotalSpecHelper.framework */; settings = {ATTRIBUTES = (CodeSignOnCopy, RemoveHeadersOnCopy, ); }; };
		F7E4DFB620D9BDF900D5F69A /* UIKit_PivotalSpecHelper.framework in Copy Frameworks */ = {isa = PBXBuildFile; fileRef = F7E4DFB220D9BDCC00D5F69A /* UIKit_PivotalSpecHelper.framework */; settings = {ATTRIBUTES = (CodeSignOnCopy, RemoveHeadersOnCopy, ); }; };
		F7E4DFB720D9BDFC00D5F69A /* UIKit_PivotalSpecHelper.framework in Frameworks */ = {isa = PBXBuildFile; fileRef = F7E4DFB220D9BDCC00D5F69A /* UIKit_PivotalSpecHelper.framework */; };
/* End PBXBuildFile section */

/* Begin PBXContainerItemProxy section */
		F7D9344620C1C8280051BAF8 /* PBXContainerItemProxy */ = {
			isa = PBXContainerItemProxy;
			containerPortal = F7B293AE1AE9C1B7007C0A34 /* Project object */;
			proxyType = 1;
			remoteGlobalIDString = F7B293B51AE9C1B7007C0A34;
			remoteInfo = MinesOfMios;
		};
/* End PBXContainerItemProxy section */

/* Begin PBXCopyFilesBuildPhase section */
		F7D9343920C1C7190051BAF8 /* CopyFiles */ = {
			isa = PBXCopyFilesBuildPhase;
			buildActionMask = 2147483647;
			dstPath = "";
			dstSubfolderSpec = 10;
			files = (
				F7E4DFAF20D9BDAF00D5F69A /* Cedar.framework in CopyFiles */,
				F7E4DFB520D9BDE200D5F69A /* UIKit_PivotalSpecHelper.framework in CopyFiles */,
			);
			runOnlyForDeploymentPostprocessing = 0;
		};
		F7D9344F20C1C9650051BAF8 /* Copy Frameworks */ = {
			isa = PBXCopyFilesBuildPhase;
			buildActionMask = 2147483647;
			dstPath = "";
			dstSubfolderSpec = 10;
			files = (
				F7E4DFB120D9BDBA00D5F69A /* Cedar.framework in Copy Frameworks */,
				F7E4DFB620D9BDF900D5F69A /* UIKit_PivotalSpecHelper.framework in Copy Frameworks */,
			);
			name = "Copy Frameworks";
			runOnlyForDeploymentPostprocessing = 0;
		};
		F7D968F820C89C2E00CEF960 /* Embed Frameworks */ = {
			isa = PBXCopyFilesBuildPhase;
			buildActionMask = 2147483647;
			dstPath = "";
			dstSubfolderSpec = 10;
			files = (
			);
			name = "Embed Frameworks";
			runOnlyForDeploymentPostprocessing = 0;
		};
/* End PBXCopyFilesBuildPhase section */

/* Begin PBXFileReference section */
		F72B47DF20AC16B600F31A8E /* TableSomethingTableViewController.h */ = {isa = PBXFileReference; lastKnownFileType = sourcecode.c.h; path = TableSomethingTableViewController.h; sourceTree = "<group>"; };
		F72B47E020AC16B600F31A8E /* TableSomethingTableViewController.m */ = {isa = PBXFileReference; lastKnownFileType = sourcecode.c.objc; path = TableSomethingTableViewController.m; sourceTree = "<group>"; };
		F72B47E120AC16B600F31A8E /* TableSomethingTableViewController.xib */ = {isa = PBXFileReference; lastKnownFileType = file.xib; path = TableSomethingTableViewController.xib; sourceTree = "<group>"; };
		F76D14561AE9C95D00CBD7DA /* Specs.app */ = {isa = PBXFileReference; explicitFileType = wrapper.application; includeInIndex = 0; path = Specs.app; sourceTree = BUILT_PRODUCTS_DIR; };
		F76D14651AE9C95D00CBD7DA /* Images.xcassets */ = {isa = PBXFileReference; lastKnownFileType = folder.assetcatalog; path = Images.xcassets; sourceTree = "<group>"; };
		F76D147E1AE9C9C600CBD7DA /* Info.plist */ = {isa = PBXFileReference; fileEncoding = 4; lastKnownFileType = text.plist.xml; path = Info.plist; sourceTree = "<group>"; };
		F76D147F1AE9C9C600CBD7DA /* main.mm */ = {isa = PBXFileReference; fileEncoding = 4; lastKnownFileType = sourcecode.cpp.objcpp; path = main.mm; sourceTree = "<group>"; };
		F76D14821AE9CC3100CBD7DA /* RootViewControllerSpec.mm */ = {isa = PBXFileReference; fileEncoding = 4; lastKnownFileType = sourcecode.cpp.objcpp; path = RootViewControllerSpec.mm; sourceTree = "<group>"; };
		F76D14891AE9D31200CBD7DA /* Script.h */ = {isa = PBXFileReference; fileEncoding = 4; lastKnownFileType = sourcecode.c.h; path = Script.h; sourceTree = "<group>"; };
		F76D148A1AE9D31200CBD7DA /* Script.m */ = {isa = PBXFileReference; fileEncoding = 4; lastKnownFileType = sourcecode.c.objc; path = Script.m; sourceTree = "<group>"; };
		F76D148D1AE9D32800CBD7DA /* ScriptSpec.mm */ = {isa = PBXFileReference; fileEncoding = 4; lastKnownFileType = sourcecode.cpp.objcpp; path = ScriptSpec.mm; sourceTree = "<group>"; };
		F7B293B61AE9C1B7007C0A34 /* MinesOfMios.app */ = {isa = PBXFileReference; explicitFileType = wrapper.application; includeInIndex = 0; path = MinesOfMios.app; sourceTree = BUILT_PRODUCTS_DIR; };
		F7B293BA1AE9C1B7007C0A34 /* Info.plist */ = {isa = PBXFileReference; lastKnownFileType = text.plist.xml; path = Info.plist; sourceTree = "<group>"; };
		F7B293BB1AE9C1B7007C0A34 /* main.m */ = {isa = PBXFileReference; lastKnownFileType = sourcecode.c.objc; path = main.m; sourceTree = "<group>"; };
		F7B293BD1AE9C1B7007C0A34 /* AppDelegate.h */ = {isa = PBXFileReference; lastKnownFileType = sourcecode.c.h; path = AppDelegate.h; sourceTree = "<group>"; };
		F7B293BE1AE9C1B7007C0A34 /* AppDelegate.m */ = {isa = PBXFileReference; lastKnownFileType = sourcecode.c.objc; path = AppDelegate.m; sourceTree = "<group>"; };
		F7B293C01AE9C1B7007C0A34 /* RootViewController.h */ = {isa = PBXFileReference; lastKnownFileType = sourcecode.c.h; path = RootViewController.h; sourceTree = "<group>"; };
		F7B293C11AE9C1B7007C0A34 /* RootViewController.m */ = {isa = PBXFileReference; lastKnownFileType = sourcecode.c.objc; path = RootViewController.m; sourceTree = "<group>"; };
		F7B293C61AE9C1B7007C0A34 /* Images.xcassets */ = {isa = PBXFileReference; lastKnownFileType = folder.assetcatalog; path = Images.xcassets; sourceTree = "<group>"; };
		F7B293C91AE9C1B7007C0A34 /* Base */ = {isa = PBXFileReference; lastKnownFileType = file.xib; name = Base; path = Base.lproj/LaunchScreen.xib; sourceTree = "<group>"; };
		F7B293DF1AE9C2CB007C0A34 /* RootViewController.xib */ = {isa = PBXFileReference; fileEncoding = 4; lastKnownFileType = file.xib; path = RootViewController.xib; sourceTree = "<group>"; };
		F7D9344120C1C8280051BAF8 /* MinesOfMiosTests.xctest */ = {isa = PBXFileReference; explicitFileType = wrapper.cfbundle; includeInIndex = 0; path = MinesOfMiosTests.xctest; sourceTree = BUILT_PRODUCTS_DIR; };
		F7D9344320C1C8280051BAF8 /* MinesOfMiosTests.m */ = {isa = PBXFileReference; lastKnownFileType = sourcecode.c.objc; path = MinesOfMiosTests.m; sourceTree = "<group>"; };
		F7D9344520C1C8280051BAF8 /* Info.plist */ = {isa = PBXFileReference; lastKnownFileType = text.plist.xml; path = Info.plist; sourceTree = "<group>"; };
		F7E4DFAC20D9BD8900D5F69A /* Cedar.framework */ = {isa = PBXFileReference; lastKnownFileType = wrapper.framework; name = Cedar.framework; path = ../Carthage/Build/iOS/Cedar.framework; sourceTree = "<group>"; };
		F7E4DFB220D9BDCC00D5F69A /* UIKit_PivotalSpecHelper.framework */ = {isa = PBXFileReference; lastKnownFileType = wrapper.framework; name = UIKit_PivotalSpecHelper.framework; path = ../Carthage/Build/iOS/UIKit_PivotalSpecHelper.framework; sourceTree = "<group>"; };
/* End PBXFileReference section */

/* Begin PBXFrameworksBuildPhase section */
		F76D14531AE9C95D00CBD7DA /* Frameworks */ = {
			isa = PBXFrameworksBuildPhase;
			buildActionMask = 2147483647;
			files = (
				F7E4DFAE20D9BDAD00D5F69A /* Cedar.framework in Frameworks */,
				F7E4DFB420D9BDE000D5F69A /* UIKit_PivotalSpecHelper.framework in Frameworks */,
			);
			runOnlyForDeploymentPostprocessing = 0;
		};
		F7B293B31AE9C1B7007C0A34 /* Frameworks */ = {
			isa = PBXFrameworksBuildPhase;
			buildActionMask = 2147483647;
			files = (
			);
			runOnlyForDeploymentPostprocessing = 0;
		};
		F7D9343E20C1C8280051BAF8 /* Frameworks */ = {
			isa = PBXFrameworksBuildPhase;
			buildActionMask = 2147483647;
			files = (
				F7E4DFB020D9BDB700D5F69A /* Cedar.framework in Frameworks */,
				F7E4DFB720D9BDFC00D5F69A /* UIKit_PivotalSpecHelper.framework in Frameworks */,
			);
			runOnlyForDeploymentPostprocessing = 0;
		};
/* End PBXFrameworksBuildPhase section */

/* Begin PBXGroup section */
		F72B47D820AC156200F31A8E /* Frameworks */ = {
			isa = PBXGroup;
			children = (
			);
			name = Frameworks;
			sourceTree = "<group>";
		};
		F76D14571AE9C95D00CBD7DA /* Specs */ = {
			isa = PBXGroup;
			children = (
				F76D147E1AE9C9C600CBD7DA /* Info.plist */,
				F76D147F1AE9C9C600CBD7DA /* main.mm */,
				F76D14651AE9C95D00CBD7DA /* Images.xcassets */,
				F76D14821AE9CC3100CBD7DA /* RootViewControllerSpec.mm */,
				F76D148D1AE9D32800CBD7DA /* ScriptSpec.mm */,
			);
			path = Specs;
			sourceTree = "<group>";
		};
		F76D14881AE9D2DA00CBD7DA /* Domain */ = {
			isa = PBXGroup;
			children = (
				F76D14891AE9D31200CBD7DA /* Script.h */,
				F76D148A1AE9D31200CBD7DA /* Script.m */,
			);
			name = Domain;
			sourceTree = "<group>";
		};
		F78BDE5E1BC62F0C00AFB7D9 /* Frameworks */ = {
			isa = PBXGroup;
			children = (
				F7E4DFB220D9BDCC00D5F69A /* UIKit_PivotalSpecHelper.framework */,
				F7E4DFAC20D9BD8900D5F69A /* Cedar.framework */,
			);
			name = Frameworks;
			sourceTree = "<group>";
		};
		F7B293AD1AE9C1B7007C0A34 = {
			isa = PBXGroup;
			children = (
				F78BDE5E1BC62F0C00AFB7D9 /* Frameworks */,
				F7B293B81AE9C1B7007C0A34 /* MinesOfMios */,
				F76D14571AE9C95D00CBD7DA /* Specs */,
				F7D9344220C1C8280051BAF8 /* TestBundle */,
				F7B293B71AE9C1B7007C0A34 /* Products */,
				F72B47D820AC156200F31A8E /* Frameworks */,
			);
			sourceTree = "<group>";
		};
		F7B293B71AE9C1B7007C0A34 /* Products */ = {
			isa = PBXGroup;
			children = (
				F7B293B61AE9C1B7007C0A34 /* MinesOfMios.app */,
				F76D14561AE9C95D00CBD7DA /* Specs.app */,
				F7D9344120C1C8280051BAF8 /* MinesOfMiosTests.xctest */,
			);
			name = Products;
			sourceTree = "<group>";
		};
		F7B293B81AE9C1B7007C0A34 /* MinesOfMios */ = {
			isa = PBXGroup;
			children = (
				F76D14881AE9D2DA00CBD7DA /* Domain */,
				F7B293BD1AE9C1B7007C0A34 /* AppDelegate.h */,
				F7B293BE1AE9C1B7007C0A34 /* AppDelegate.m */,
				F7B293C61AE9C1B7007C0A34 /* Images.xcassets */,
				F7B293C81AE9C1B7007C0A34 /* LaunchScreen.xib */,
				F7B293B91AE9C1B7007C0A34 /* Supporting Files */,
				F7B293C01AE9C1B7007C0A34 /* RootViewController.h */,
				F7B293C11AE9C1B7007C0A34 /* RootViewController.m */,
				F7B293DF1AE9C2CB007C0A34 /* RootViewController.xib */,
				F72B47DF20AC16B600F31A8E /* TableSomethingTableViewController.h */,
				F72B47E020AC16B600F31A8E /* TableSomethingTableViewController.m */,
				F72B47E120AC16B600F31A8E /* TableSomethingTableViewController.xib */,
			);
			path = MinesOfMios;
			sourceTree = "<group>";
		};
		F7B293B91AE9C1B7007C0A34 /* Supporting Files */ = {
			isa = PBXGroup;
			children = (
				F7B293BA1AE9C1B7007C0A34 /* Info.plist */,
				F7B293BB1AE9C1B7007C0A34 /* main.m */,
			);
			name = "Supporting Files";
			sourceTree = "<group>";
		};
		F7D9344220C1C8280051BAF8 /* TestBundle */ = {
			isa = PBXGroup;
			children = (
				F7D9344320C1C8280051BAF8 /* MinesOfMiosTests.m */,
				F7D9344520C1C8280051BAF8 /* Info.plist */,
			);
			path = TestBundle;
			sourceTree = "<group>";
		};
/* End PBXGroup section */

/* Begin PBXNativeTarget section */
		F76D14551AE9C95D00CBD7DA /* Specs */ = {
			isa = PBXNativeTarget;
			buildConfigurationList = F76D14761AE9C95E00CBD7DA /* Build configuration list for PBXNativeTarget "Specs" */;
			buildPhases = (
				F76D14521AE9C95D00CBD7DA /* Sources */,
				F76D14531AE9C95D00CBD7DA /* Frameworks */,
				F76D14541AE9C95D00CBD7DA /* Resources */,
				F7D9343920C1C7190051BAF8 /* CopyFiles */,
			);
			buildRules = (
			);
			dependencies = (
			);
			name = Specs;
			productName = Specs;
			productReference = F76D14561AE9C95D00CBD7DA /* Specs.app */;
			productType = "com.apple.product-type.application";
		};
		F7B293B51AE9C1B7007C0A34 /* MinesOfMios */ = {
			isa = PBXNativeTarget;
			buildConfigurationList = F7B293D91AE9C1B7007C0A34 /* Build configuration list for PBXNativeTarget "MinesOfMios" */;
			buildPhases = (
				F7B293B21AE9C1B7007C0A34 /* Sources */,
				F7B293B31AE9C1B7007C0A34 /* Frameworks */,
				F7B293B41AE9C1B7007C0A34 /* Resources */,
				F7D968F820C89C2E00CEF960 /* Embed Frameworks */,
			);
			buildRules = (
			);
			dependencies = (
			);
			name = MinesOfMios;
			productName = MinesOfMios;
			productReference = F7B293B61AE9C1B7007C0A34 /* MinesOfMios.app */;
			productType = "com.apple.product-type.application";
		};
		F7D9344020C1C8280051BAF8 /* MinesOfMiosTests */ = {
			isa = PBXNativeTarget;
			buildConfigurationList = F7D9344820C1C8280051BAF8 /* Build configuration list for PBXNativeTarget "MinesOfMiosTests" */;
			buildPhases = (
				F7D9343D20C1C8280051BAF8 /* Sources */,
				F7D9343E20C1C8280051BAF8 /* Frameworks */,
				F7D9344F20C1C9650051BAF8 /* Copy Frameworks */,
			);
			buildRules = (
			);
			dependencies = (
				F7D9344720C1C8280051BAF8 /* PBXTargetDependency */,
			);
			name = MinesOfMiosTests;
			productName = MinesOfMiosTests;
			productReference = F7D9344120C1C8280051BAF8 /* MinesOfMiosTests.xctest */;
			productType = "com.apple.product-type.bundle.unit-test";
		};
/* End PBXNativeTarget section */

/* Begin PBXProject section */
		F7B293AE1AE9C1B7007C0A34 /* Project object */ = {
			isa = PBXProject;
			attributes = {
				LastUpgradeCheck = 0630;
				ORGANIZATIONNAME = "General Linear Group";
				TargetAttributes = {
					F76D14551AE9C95D00CBD7DA = {
						CreatedOnToolsVersion = 6.3;
					};
					F7B293B51AE9C1B7007C0A34 = {
						CreatedOnToolsVersion = 6.3;
						DevelopmentTeam = XAN2GRZS9J;
					};
					F7D9344020C1C8280051BAF8 = {
						CreatedOnToolsVersion = 9.3.1;
						ProvisioningStyle = Automatic;
						TestTargetID = F7B293B51AE9C1B7007C0A34;
					};
				};
			};
			buildConfigurationList = F7B293B11AE9C1B7007C0A34 /* Build configuration list for PBXProject "MinesOfMios" */;
			compatibilityVersion = "Xcode 3.2";
			developmentRegion = English;
			hasScannedForEncodings = 0;
			knownRegions = (
				en,
				Base,
			);
			mainGroup = F7B293AD1AE9C1B7007C0A34;
			productRefGroup = F7B293B71AE9C1B7007C0A34 /* Products */;
			projectDirPath = "";
			projectRoot = "";
			targets = (
				F7B293B51AE9C1B7007C0A34 /* MinesOfMios */,
				F76D14551AE9C95D00CBD7DA /* Specs */,
				F7D9344020C1C8280051BAF8 /* MinesOfMiosTests */,
			);
		};
/* End PBXProject section */

/* Begin PBXResourcesBuildPhase section */
		F76D14541AE9C95D00CBD7DA /* Resources */ = {
			isa = PBXResourcesBuildPhase;
			buildActionMask = 2147483647;
			files = (
				F76D14871AE9CDBD00CBD7DA /* RootViewController.xib in Resources */,
				F76D14661AE9C95D00CBD7DA /* Images.xcassets in Resources */,
				F7D9343C20C1C76A0051BAF8 /* TableSomethingTableViewController.xib in Resources */,
			);
			runOnlyForDeploymentPostprocessing = 0;
		};
		F7B293B41AE9C1B7007C0A34 /* Resources */ = {
			isa = PBXResourcesBuildPhase;
			buildActionMask = 2147483647;
			files = (
				F7B293CA1AE9C1B7007C0A34 /* LaunchScreen.xib in Resources */,
				F7B293E01AE9C2CB007C0A34 /* RootViewController.xib in Resources */,
				F7B293C71AE9C1B7007C0A34 /* Images.xcassets in Resources */,
				F72B47E320AC16B600F31A8E /* TableSomethingTableViewController.xib in Resources */,
			);
			runOnlyForDeploymentPostprocessing = 0;
		};
/* End PBXResourcesBuildPhase section */

/* Begin PBXSourcesBuildPhase section */
		F76D14521AE9C95D00CBD7DA /* Sources */ = {
			isa = PBXSourcesBuildPhase;
			buildActionMask = 2147483647;
			files = (
				F76D148E1AE9D32800CBD7DA /* ScriptSpec.mm in Sources */,
				F76D148C1AE9D31200CBD7DA /* Script.m in Sources */,
				F76D14861AE9CD6B00CBD7DA /* RootViewController.m in Sources */,
				F7D9343B20C1C7630051BAF8 /* TableSomethingTableViewController.m in Sources */,
				F76D14811AE9C9C600CBD7DA /* main.mm in Sources */,
				F76D14831AE9CC3100CBD7DA /* RootViewControllerSpec.mm in Sources */,
			);
			runOnlyForDeploymentPostprocessing = 0;
		};
		F7B293B21AE9C1B7007C0A34 /* Sources */ = {
			isa = PBXSourcesBuildPhase;
			buildActionMask = 2147483647;
			files = (
				F76D148B1AE9D31200CBD7DA /* Script.m in Sources */,
				F7B293C21AE9C1B7007C0A34 /* RootViewController.m in Sources */,
				F7B293BF1AE9C1B7007C0A34 /* AppDelegate.m in Sources */,
				F72B47E220AC16B600F31A8E /* TableSomethingTableViewController.m in Sources */,
				F7B293BC1AE9C1B7007C0A34 /* main.m in Sources */,
			);
			runOnlyForDeploymentPostprocessing = 0;
		};
		F7D9343D20C1C8280051BAF8 /* Sources */ = {
			isa = PBXSourcesBuildPhase;
			buildActionMask = 2147483647;
			files = (
				F7D9344D20C1C9440051BAF8 /* RootViewControllerSpec.mm in Sources */,
				F7D9344E20C1C9440051BAF8 /* ScriptSpec.mm in Sources */,
				F7D9344420C1C8280051BAF8 /* MinesOfMiosTests.m in Sources */,
			);
			runOnlyForDeploymentPostprocessing = 0;
		};
/* End PBXSourcesBuildPhase section */

/* Begin PBXTargetDependency section */
		F7D9344720C1C8280051BAF8 /* PBXTargetDependency */ = {
			isa = PBXTargetDependency;
			target = F7B293B51AE9C1B7007C0A34 /* MinesOfMios */;
			targetProxy = F7D9344620C1C8280051BAF8 /* PBXContainerItemProxy */;
		};
/* End PBXTargetDependency section */

/* Begin PBXVariantGroup section */
		F7B293C81AE9C1B7007C0A34 /* LaunchScreen.xib */ = {
			isa = PBXVariantGroup;
			children = (
				F7B293C91AE9C1B7007C0A34 /* Base */,
			);
			name = LaunchScreen.xib;
			sourceTree = "<group>";
		};
/* End PBXVariantGroup section */

/* Begin XCBuildConfiguration section */
		F76D14771AE9C95E00CBD7DA /* Debug */ = {
			isa = XCBuildConfiguration;
			buildSettings = {
				ASSETCATALOG_COMPILER_APPICON_NAME = AppIcon;
				FRAMEWORK_SEARCH_PATHS = (
					"$(inherited)",
					"$(PROJECT_DIR)/../Carthage/Build/iOS",
				);
				GCC_PREPROCESSOR_DEFINITIONS = (
					"DEBUG=1",
					"$(inherited)",
				);
				HEADER_SEARCH_PATHS = (
					"$(inherited)",
					/Applications/Xcode.app/Contents/Developer/Toolchains/XcodeDefault.xctoolchain/usr/include,
					"$(PROJECT_DIR)/../Carthage/Build/iOS",
				);
				INFOPLIST_FILE = Specs/Info.plist;
				IPHONEOS_DEPLOYMENT_TARGET = 9.3;
				LD_RUNPATH_SEARCH_PATHS = "$(inherited) @executable_path/Frameworks";
				OTHER_LDFLAGS = (
					"-ObjC",
					"-all_load",
				);
				PRODUCT_NAME = "$(TARGET_NAME)";
			};
			name = Debug;
		};
		F76D14781AE9C95E00CBD7DA /* Release */ = {
			isa = XCBuildConfiguration;
			buildSettings = {
				ASSETCATALOG_COMPILER_APPICON_NAME = AppIcon;
				FRAMEWORK_SEARCH_PATHS = (
					"$(inherited)",
					"$(PROJECT_DIR)/../Carthage/Build/iOS",
				);
				HEADER_SEARCH_PATHS = (
					"$(inherited)",
					/Applications/Xcode.app/Contents/Developer/Toolchains/XcodeDefault.xctoolchain/usr/include,
					"$(PROJECT_DIR)/../Carthage/Build/iOS",
				);
				INFOPLIST_FILE = Specs/Info.plist;
				IPHONEOS_DEPLOYMENT_TARGET = 9.3;
				LD_RUNPATH_SEARCH_PATHS = "$(inherited) @executable_path/Frameworks";
				OTHER_LDFLAGS = (
					"-ObjC",
					"-all_load",
				);
				PRODUCT_NAME = "$(TARGET_NAME)";
			};
			name = Release;
		};
		F7B293D71AE9C1B7007C0A34 /* Debug */ = {
			isa = XCBuildConfiguration;
			buildSettings = {
				ALWAYS_SEARCH_USER_PATHS = NO;
				CLANG_CXX_LANGUAGE_STANDARD = "gnu++0x";
				CLANG_CXX_LIBRARY = "libc++";
				CLANG_ENABLE_MODULES = YES;
				CLANG_ENABLE_OBJC_ARC = YES;
				CLANG_WARN_BOOL_CONVERSION = YES;
				CLANG_WARN_CONSTANT_CONVERSION = YES;
				CLANG_WARN_DIRECT_OBJC_ISA_USAGE = YES_ERROR;
				CLANG_WARN_EMPTY_BODY = YES;
				CLANG_WARN_ENUM_CONVERSION = YES;
				CLANG_WARN_INT_CONVERSION = YES;
				CLANG_WARN_OBJC_ROOT_CLASS = YES_ERROR;
				CLANG_WARN_UNREACHABLE_CODE = YES;
				CLANG_WARN__DUPLICATE_METHOD_MATCH = YES;
				"CODE_SIGN_IDENTITY[sdk=iphoneos*]" = "iPhone Developer";
				COPY_PHASE_STRIP = NO;
				DEBUG_INFORMATION_FORMAT = "dwarf-with-dsym";
				ENABLE_STRICT_OBJC_MSGSEND = YES;
				GCC_C_LANGUAGE_STANDARD = gnu99;
				GCC_DYNAMIC_NO_PIC = NO;
				GCC_NO_COMMON_BLOCKS = YES;
				GCC_OPTIMIZATION_LEVEL = 0;
				GCC_PREPROCESSOR_DEFINITIONS = (
					"DEBUG=1",
					"$(inherited)",
				);
				GCC_SYMBOLS_PRIVATE_EXTERN = NO;
				GCC_WARN_64_TO_32_BIT_CONVERSION = YES;
				GCC_WARN_ABOUT_RETURN_TYPE = YES_ERROR;
				GCC_WARN_UNDECLARED_SELECTOR = YES;
				GCC_WARN_UNINITIALIZED_AUTOS = YES_AGGRESSIVE;
				GCC_WARN_UNUSED_FUNCTION = YES;
				GCC_WARN_UNUSED_VARIABLE = YES;
				IPHONEOS_DEPLOYMENT_TARGET = 8.3;
				MTL_ENABLE_DEBUG_INFO = YES;
				ONLY_ACTIVE_ARCH = YES;
				SDKROOT = iphoneos;
			};
			name = Debug;
		};
		F7B293D81AE9C1B7007C0A34 /* Release */ = {
			isa = XCBuildConfiguration;
			buildSettings = {
				ALWAYS_SEARCH_USER_PATHS = NO;
				CLANG_CXX_LANGUAGE_STANDARD = "gnu++0x";
				CLANG_CXX_LIBRARY = "libc++";
				CLANG_ENABLE_MODULES = YES;
				CLANG_ENABLE_OBJC_ARC = YES;
				CLANG_WARN_BOOL_CONVERSION = YES;
				CLANG_WARN_CONSTANT_CONVERSION = YES;
				CLANG_WARN_DIRECT_OBJC_ISA_USAGE = YES_ERROR;
				CLANG_WARN_EMPTY_BODY = YES;
				CLANG_WARN_ENUM_CONVERSION = YES;
				CLANG_WARN_INT_CONVERSION = YES;
				CLANG_WARN_OBJC_ROOT_CLASS = YES_ERROR;
				CLANG_WARN_UNREACHABLE_CODE = YES;
				CLANG_WARN__DUPLICATE_METHOD_MATCH = YES;
				"CODE_SIGN_IDENTITY[sdk=iphoneos*]" = "iPhone Developer";
				COPY_PHASE_STRIP = NO;
				DEBUG_INFORMATION_FORMAT = "dwarf-with-dsym";
				ENABLE_NS_ASSERTIONS = NO;
				ENABLE_STRICT_OBJC_MSGSEND = YES;
				GCC_C_LANGUAGE_STANDARD = gnu99;
				GCC_NO_COMMON_BLOCKS = YES;
				GCC_WARN_64_TO_32_BIT_CONVERSION = YES;
				GCC_WARN_ABOUT_RETURN_TYPE = YES_ERROR;
				GCC_WARN_UNDECLARED_SELECTOR = YES;
				GCC_WARN_UNINITIALIZED_AUTOS = YES_AGGRESSIVE;
				GCC_WARN_UNUSED_FUNCTION = YES;
				GCC_WARN_UNUSED_VARIABLE = YES;
				IPHONEOS_DEPLOYMENT_TARGET = 8.3;
				MTL_ENABLE_DEBUG_INFO = NO;
				SDKROOT = iphoneos;
				VALIDATE_PRODUCT = YES;
			};
			name = Release;
		};
		F7B293DA1AE9C1B7007C0A34 /* Debug */ = {
			isa = XCBuildConfiguration;
			buildSettings = {
				ASSETCATALOG_COMPILER_APPICON_NAME = AppIcon;
				DEVELOPMENT_TEAM = XAN2GRZS9J;
				FRAMEWORK_SEARCH_PATHS = (
					"$(inherited)",
					"$(PROJECT_DIR)",
				);
				INFOPLIST_FILE = MinesOfMios/Info.plist;
				IPHONEOS_DEPLOYMENT_TARGET = 9.3;
				LD_RUNPATH_SEARCH_PATHS = "$(inherited) @executable_path/Frameworks";
				PRODUCT_NAME = "$(TARGET_NAME)";
				USER_HEADER_SEARCH_PATHS = "/Users/tjarratt/workspace/Mines-of-Mios/Frameworks/pivotalcorekit/**";
			};
			name = Debug;
		};
		F7B293DB1AE9C1B7007C0A34 /* Release */ = {
			isa = XCBuildConfiguration;
			buildSettings = {
				ASSETCATALOG_COMPILER_APPICON_NAME = AppIcon;
				DEVELOPMENT_TEAM = XAN2GRZS9J;
				FRAMEWORK_SEARCH_PATHS = (
					"$(inherited)",
					"$(PROJECT_DIR)",
				);
				INFOPLIST_FILE = MinesOfMios/Info.plist;
				IPHONEOS_DEPLOYMENT_TARGET = 9.3;
				LD_RUNPATH_SEARCH_PATHS = "$(inherited) @executable_path/Frameworks";
				PRODUCT_NAME = "$(TARGET_NAME)";
				USER_HEADER_SEARCH_PATHS = "/Users/tjarratt/workspace/Mines-of-Mios/Frameworks/pivotalcorekit/**";
			};
			name = Release;
		};
		F7D9344920C1C8280051BAF8 /* Debug */ = {
			isa = XCBuildConfiguration;
			buildSettings = {
				BUNDLE_LOADER = "$(TEST_HOST)";
				CLANG_ANALYZER_NONNULL = YES;
				CLANG_ANALYZER_NUMBER_OBJECT_CONVERSION = YES_AGGRESSIVE;
				CLANG_CXX_LANGUAGE_STANDARD = "gnu++14";
				CLANG_ENABLE_OBJC_WEAK = YES;
				CLANG_WARN_BLOCK_CAPTURE_AUTORELEASING = YES;
				CLANG_WARN_COMMA = YES;
				CLANG_WARN_DEPRECATED_OBJC_IMPLEMENTATIONS = YES;
				CLANG_WARN_DOCUMENTATION_COMMENTS = YES;
				CLANG_WARN_INFINITE_RECURSION = YES;
				CLANG_WARN_NON_LITERAL_NULL_CONVERSION = YES;
				CLANG_WARN_OBJC_IMPLICIT_RETAIN_SELF = YES;
				CLANG_WARN_OBJC_LITERAL_CONVERSION = YES;
				CLANG_WARN_RANGE_LOOP_ANALYSIS = YES;
				CLANG_WARN_STRICT_PROTOTYPES = YES;
				CLANG_WARN_SUSPICIOUS_MOVE = YES;
				CLANG_WARN_UNGUARDED_AVAILABILITY = YES_AGGRESSIVE;
				CODE_SIGN_IDENTITY = "iPhone Developer";
				CODE_SIGN_STYLE = Automatic;
				DEBUG_INFORMATION_FORMAT = dwarf;
				ENABLE_TESTABILITY = YES;
				FRAMEWORK_SEARCH_PATHS = (
					"$(inherited)",
					"$(PROJECT_DIR)",
					"$(PROJECT_DIR)/../Carthage/Build/iOS/**",
				);
				GCC_C_LANGUAGE_STANDARD = gnu11;
				HEADER_SEARCH_PATHS = "$(PROJECT_DIR)/../Carthage/Build/iOS";
				INFOPLIST_FILE = TestBundle/Info.plist;
				IPHONEOS_DEPLOYMENT_TARGET = 11.3;
				LD_RUNPATH_SEARCH_PATHS = "$(inherited) @executable_path/Frameworks @loader_path/Frameworks";
				OTHER_LDFLAGS = (
					"-all_load",
					"-ObjC",
				);
				PRODUCT_BUNDLE_IDENTIFIER = org.general.linear.group.MinesOfMiosTests;
				PRODUCT_NAME = "$(TARGET_NAME)";
				TARGETED_DEVICE_FAMILY = "1,2";
				TEST_HOST = "$(BUILT_PRODUCTS_DIR)/MinesOfMios.app/MinesOfMios";
			};
			name = Debug;
		};
		F7D9344A20C1C8280051BAF8 /* Release */ = {
			isa = XCBuildConfiguration;
			buildSettings = {
				BUNDLE_LOADER = "$(TEST_HOST)";
				CLANG_ANALYZER_NONNULL = YES;
				CLANG_ANALYZER_NUMBER_OBJECT_CONVERSION = YES_AGGRESSIVE;
				CLANG_CXX_LANGUAGE_STANDARD = "gnu++14";
				CLANG_ENABLE_OBJC_WEAK = YES;
				CLANG_WARN_BLOCK_CAPTURE_AUTORELEASING = YES;
				CLANG_WARN_COMMA = YES;
				CLANG_WARN_DEPRECATED_OBJC_IMPLEMENTATIONS = YES;
				CLANG_WARN_DOCUMENTATION_COMMENTS = YES;
				CLANG_WARN_INFINITE_RECURSION = YES;
				CLANG_WARN_NON_LITERAL_NULL_CONVERSION = YES;
				CLANG_WARN_OBJC_IMPLICIT_RETAIN_SELF = YES;
				CLANG_WARN_OBJC_LITERAL_CONVERSION = YES;
				CLANG_WARN_RANGE_LOOP_ANALYSIS = YES;
				CLANG_WARN_STRICT_PROTOTYPES = YES;
				CLANG_WARN_SUSPICIOUS_MOVE = YES;
				CLANG_WARN_UNGUARDED_AVAILABILITY = YES_AGGRESSIVE;
				CODE_SIGN_IDENTITY = "iPhone Developer";
				CODE_SIGN_STYLE = Automatic;
				FRAMEWORK_SEARCH_PATHS = (
					"$(inherited)",
					"$(PROJECT_DIR)",
					"$(PROJECT_DIR)/../Carthage/Build/iOS/**",
				);
				GCC_C_LANGUAGE_STANDARD = gnu11;
				HEADER_SEARCH_PATHS = "$(PROJECT_DIR)/../Carthage/Build/iOS";
				INFOPLIST_FILE = TestBundle/Info.plist;
				IPHONEOS_DEPLOYMENT_TARGET = 11.3;
				LD_RUNPATH_SEARCH_PATHS = "$(inherited) @executable_path/Frameworks @loader_path/Frameworks";
				OTHER_LDFLAGS = (
					"-all_load",
					"-ObjC",
				);
				PRODUCT_BUNDLE_IDENTIFIER = org.general.linear.group.MinesOfMiosTests;
				PRODUCT_NAME = "$(TARGET_NAME)";
				TARGETED_DEVICE_FAMILY = "1,2";
				TEST_HOST = "$(BUILT_PRODUCTS_DIR)/MinesOfMios.app/MinesOfMios";
			};
			name = Release;
		};
/* End XCBuildConfiguration section */

/* Begin XCConfigurationList section */
		F76D14761AE9C95E00CBD7DA /* Build configuration list for PBXNativeTarget "Specs" */ = {
			isa = XCConfigurationList;
			buildConfigurations = (
				F76D14771AE9C95E00CBD7DA /* Debug */,
				F76D14781AE9C95E00CBD7DA /* Release */,
			);
			defaultConfigurationIsVisible = 0;
			defaultConfigurationName = Release;
		};
		F7B293B11AE9C1B7007C0A34 /* Build configuration list for PBXProject "MinesOfMios" */ = {
			isa = XCConfigurationList;
			buildConfigurations = (
				F7B293D71AE9C1B7007C0A34 /* Debug */,
				F7B293D81AE9C1B7007C0A34 /* Release */,
			);
			defaultConfigurationIsVisible = 0;
			defaultConfigurationName = Release;
		};
		F7B293D91AE9C1B7007C0A34 /* Build configuration list for PBXNativeTarget "MinesOfMios" */ = {
			isa = XCConfigurationList;
			buildConfigurations = (
				F7B293DA1AE9C1B7007C0A34 /* Debug */,
				F7B293DB1AE9C1B7007C0A34 /* Release */,
			);
			defaultConfigurationIsVisible = 0;
			defaultConfigurationName = Release;
		};
		F7D9344820C1C8280051BAF8 /* Build configuration list for PBXNativeTarget "MinesOfMiosTests" */ = {
			isa = XCConfigurationList;
			buildConfigurations = (
				F7D9344920C1C8280051BAF8 /* Debug */,
				F7D9344A20C1C8280051BAF8 /* Release */,
			);
			defaultConfigurationIsVisible = 0;
			defaultConfigurationName = Release;
		};
/* End XCConfigurationList section */
	};
	rootObject = F7B293AE1AE9C1B7007C0A34 /* Project object */;
}
